
Microsoft Visual Studio Solution File, Format Version 12.00
# Visual Studio Version 16
VisualStudioVersion = 16.0.32106.194
MinimumVisualStudioVersion = 10.0.40219.1
Project("{8BC9CEB8-8B4A-11D0-8D11-00A0C91BC942}") = "Lab1", "Lab1\lab1.vcxproj", "{B4928FFD-123C-4E63-A4CC-F9AF5394FD17}"
EndProject
Project("{8BC9CEB8-8B4A-11D0-8D11-00A0C91BC942}") = "Lab2", "Lab2\Lab2.vcxproj", "{ADEA2040-9960-42F7-9EFF-0DF00CBBF4C5}"
EndProject
Project("{8BC9CEB8-8B4A-11D0-8D11-00A0C91BC942}") = "Lab3", "Lab3\Lab3.vcxproj", "{53E688D3-D5C3-4A33-A3CA-F9B9D4208DBB}"
EndProject
Project("{8BC9CEB8-8B4A-11D0-8D11-00A0C91BC942}") = "Lab4", "Lab4\Lab4.vcxproj", "{8A06082E-13D7-40BB-8981-5598860A99E3}"
EndProject
Project("{8BC9CEB8-8B4A-11D0-8D11-00A0C91BC942}") = "Lab5", "Lab5\Lab5.vcxproj", "{C9BEFCD6-CD08-4062-8BF0-0A58410671E5}"
EndProject
Project("{8BC9CEB8-8B4A-11D0-8D11-00A0C91BC942}") = "Lab6", "Lab6\Lab6.vcxproj", "{8B50C301-7289-43F4-AD04-42706E5F70E3}"
EndProject
Project("{8BC9CEB8-8B4A-11D0-8D11-00A0C91BC942}") = "Lab7", "Lab7\Lab7.vcxproj", "{4B98DC0C-EFD5-4E1A-9F9C-9904E0FCDEB1}"
EndProject
Project("{8BC9CEB8-8B4A-11D0-8D11-00A0C91BC942}") = "Lab8", "Lab8\Lab8.vcxproj", "{990030C3-FECB-4D18-BBF3-B5972B4753F5}"
EndProject
Project("{8BC9CEB8-8B4A-11D0-8D11-00A0C91BC942}") = "Lab9", "Lab9\Lab9.vcxproj", "{69B39291-65C7-4BF9-A241-A04502B59DAD}"
EndProject
Global
	GlobalSection(SolutionConfigurationPlatforms) = preSolution
		Debug|x64 = Debug|x64
		Debug|x86 = Debug|x86
		Release|x64 = Release|x64
		Release|x86 = Release|x86
	EndGlobalSection
	GlobalSection(ProjectConfigurationPlatforms) = postSolution
		{B4928FFD-123C-4E63-A4CC-F9AF5394FD17}.Debug|x64.ActiveCfg = Debug|x64
		{B4928FFD-123C-4E63-A4CC-F9AF5394FD17}.Debug|x64.Build.0 = Debug|x64
		{B4928FFD-123C-4E63-A4CC-F9AF5394FD17}.Debug|x86.ActiveCfg = Debug|Win32
		{B4928FFD-123C-4E63-A4CC-F9AF5394FD17}.Debug|x86.Build.0 = Debug|Win32
		{B4928FFD-123C-4E63-A4CC-F9AF5394FD17}.Release|x64.ActiveCfg = Release|x64
		{B4928FFD-123C-4E63-A4CC-F9AF5394FD17}.Release|x64.Build.0 = Release|x64
		{B4928FFD-123C-4E63-A4CC-F9AF5394FD17}.Release|x86.ActiveCfg = Release|Win32
		{B4928FFD-123C-4E63-A4CC-F9AF5394FD17}.Release|x86.Build.0 = Release|Win32
		{ADEA2040-9960-42F7-9EFF-0DF00CBBF4C5}.Debug|x64.ActiveCfg = Debug|x64
		{ADEA2040-9960-42F7-9EFF-0DF00CBBF4C5}.Debug|x64.Build.0 = Debug|x64
		{ADEA2040-9960-42F7-9EFF-0DF00CBBF4C5}.Debug|x86.ActiveCfg = Debug|Win32
		{ADEA2040-9960-42F7-9EFF-0DF00CBBF4C5}.Debug|x86.Build.0 = Debug|Win32
		{ADEA2040-9960-42F7-9EFF-0DF00CBBF4C5}.Release|x64.ActiveCfg = Release|x64
		{ADEA2040-9960-42F7-9EFF-0DF00CBBF4C5}.Release|x64.Build.0 = Release|x64
		{ADEA2040-9960-42F7-9EFF-0DF00CBBF4C5}.Release|x86.ActiveCfg = Release|Win32
		{ADEA2040-9960-42F7-9EFF-0DF00CBBF4C5}.Release|x86.Build.0 = Release|Win32
		{53E688D3-D5C3-4A33-A3CA-F9B9D4208DBB}.Debug|x64.ActiveCfg = Debug|x64
		{53E688D3-D5C3-4A33-A3CA-F9B9D4208DBB}.Debug|x64.Build.0 = Debug|x64
		{53E688D3-D5C3-4A33-A3CA-F9B9D4208DBB}.Debug|x86.ActiveCfg = Debug|Win32
		{53E688D3-D5C3-4A33-A3CA-F9B9D4208DBB}.Debug|x86.Build.0 = Debug|Win32
		{53E688D3-D5C3-4A33-A3CA-F9B9D4208DBB}.Release|x64.ActiveCfg = Release|x64
		{53E688D3-D5C3-4A33-A3CA-F9B9D4208DBB}.Release|x64.Build.0 = Release|x64
		{53E688D3-D5C3-4A33-A3CA-F9B9D4208DBB}.Release|x86.ActiveCfg = Release|Win32
		{53E688D3-D5C3-4A33-A3CA-F9B9D4208DBB}.Release|x86.Build.0 = Release|Win32
		{8A06082E-13D7-40BB-8981-5598860A99E3}.Debug|x64.ActiveCfg = Debug|x64
		{8A06082E-13D7-40BB-8981-5598860A99E3}.Debug|x64.Build.0 = Debug|x64
		{8A06082E-13D7-40BB-8981-5598860A99E3}.Debug|x86.ActiveCfg = Debug|Win32
		{8A06082E-13D7-40BB-8981-5598860A99E3}.Debug|x86.Build.0 = Debug|Win32
		{8A06082E-13D7-40BB-8981-5598860A99E3}.Release|x64.ActiveCfg = Release|x64
		{8A06082E-13D7-40BB-8981-5598860A99E3}.Release|x64.Build.0 = Release|x64
		{8A06082E-13D7-40BB-8981-5598860A99E3}.Release|x86.ActiveCfg = Release|Win32
		{8A06082E-13D7-40BB-8981-5598860A99E3}.Release|x86.Build.0 = Release|Win32
		{C9BEFCD6-CD08-4062-8BF0-0A58410671E5}.Debug|x64.ActiveCfg = Debug|x64
		{C9BEFCD6-CD08-4062-8BF0-0A58410671E5}.Debug|x64.Build.0 = Debug|x64
		{C9BEFCD6-CD08-4062-8BF0-0A58410671E5}.Debug|x86.ActiveCfg = Debug|Win32
		{C9BEFCD6-CD08-4062-8BF0-0A58410671E5}.Debug|x86.Build.0 = Debug|Win32
		{C9BEFCD6-CD08-4062-8BF0-0A58410671E5}.Release|x64.ActiveCfg = Release|x64
		{C9BEFCD6-CD08-4062-8BF0-0A58410671E5}.Release|x64.Build.0 = Release|x64
		{C9BEFCD6-CD08-4062-8BF0-0A58410671E5}.Release|x86.ActiveCfg = Release|Win32
		{C9BEFCD6-CD08-4062-8BF0-0A58410671E5}.Release|x86.Build.0 = Release|Win32
		{8B50C301-7289-43F4-AD04-42706E5F70E3}.Debug|x64.ActiveCfg = Debug|x64
		{8B50C301-7289-43F4-AD04-42706E5F70E3}.Debug|x64.Build.0 = Debug|x64
		{8B50C301-7289-43F4-AD04-42706E5F70E3}.Debug|x86.ActiveCfg = Debug|Win32
		{8B50C301-7289-43F4-AD04-42706E5F70E3}.Debug|x86.Build.0 = Debug|Win32
		{8B50C301-7289-43F4-AD04-42706E5F70E3}.Release|x64.ActiveCfg = Release|x64
		{8B50C301-7289-43F4-AD04-42706E5F70E3}.Release|x64.Build.0 = Release|x64
		{8B50C301-7289-43F4-AD04-42706E5F70E3}.Release|x86.ActiveCfg = Release|Win32
		{8B50C301-7289-43F4-AD04-42706E5F70E3}.Release|x86.Build.0 = Release|Win32
		{4B98DC0C-EFD5-4E1A-9F9C-9904E0FCDEB1}.Debug|x64.ActiveCfg = Debug|x64
		{4B98DC0C-EFD5-4E1A-9F9C-9904E0FCDEB1}.Debug|x64.Build.0 = Debug|x64
		{4B98DC0C-EFD5-4E1A-9F9C-9904E0FCDEB1}.Debug|x86.ActiveCfg = Debug|Win32
		{4B98DC0C-EFD5-4E1A-9F9C-9904E0FCDEB1}.Debug|x86.Build.0 = Debug|Win32
		{4B98DC0C-EFD5-4E1A-9F9C-9904E0FCDEB1}.Release|x64.ActiveCfg = Release|x64
		{4B98DC0C-EFD5-4E1A-9F9C-9904E0FCDEB1}.Release|x64.Build.0 = Release|x64
		{4B98DC0C-EFD5-4E1A-9F9C-9904E0FCDEB1}.Release|x86.ActiveCfg = Release|Win32
		{4B98DC0C-EFD5-4E1A-9F9C-9904E0FCDEB1}.Release|x86.Build.0 = Release|Win32
		{990030C3-FECB-4D18-BBF3-B5972B4753F5}.Debug|x64.ActiveCfg = Debug|x64
		{990030C3-FECB-4D18-BBF3-B5972B4753F5}.Debug|x64.Build.0 = Debug|x64
		{990030C3-FECB-4D18-BBF3-B5972B4753F5}.Debug|x86.ActiveCfg = Debug|Win32
		{990030C3-FECB-4D18-BBF3-B5972B4753F5}.Debug|x86.Build.0 = Debug|Win32
		{990030C3-FECB-4D18-BBF3-B5972B4753F5}.Release|x64.ActiveCfg = Release|x64
		{990030C3-FECB-4D18-BBF3-B5972B4753F5}.Release|x64.Build.0 = Release|x64
		{990030C3-FECB-4D18-BBF3-B5972B4753F5}.Release|x86.ActiveCfg = Release|Win32
		{990030C3-FECB-4D18-BBF3-B5972B4753F5}.Release|x86.Build.0 = Release|Win32
		{69B39291-65C7-4BF9-A241-A04502B59DAD}.Debug|x64.ActiveCfg = Debug|x64
		{69B39291-65C7-4BF9-A241-A04502B59DAD}.Debug|x64.Build.0 = Debug|x64
		{69B39291-65C7-4BF9-A241-A04502B59DAD}.Debug|x86.ActiveCfg = Debug|Win32
		{69B39291-65C7-4BF9-A241-A04502B59DAD}.Debug|x86.Build.0 = Debug|Win32
		{69B39291-65C7-4BF9-A241-A04502B59DAD}.Release|x64.ActiveCfg = Release|x64
		{69B39291-65C7-4BF9-A241-A04502B59DAD}.Release|x64.Build.0 = Release|x64
		{69B39291-65C7-4BF9-A241-A04502B59DAD}.Release|x86.ActiveCfg = Release|Win32
		{69B39291-65C7-4BF9-A241-A04502B59DAD}.Release|x86.Build.0 = Release|Win32
	EndGlobalSection
	GlobalSection(SolutionProperties) = preSolution
		HideSolutionNode = FALSE
	EndGlobalSection
	GlobalSection(ExtensibilityGlobals) = postSolution
		SolutionGuid = {42B17251-DF77-4855-ACB8-1BAC7D4A0A47}
	EndGlobalSection
EndGlobal
